
Microsoft Visual Studio Solution File, Format Version 12.00
# Visual Studio Version 17
VisualStudioVersion = 17.13.35913.81 d17.13
MinimumVisualStudioVersion = 10.0.40219.1
Project("{FAE04EC0-301F-11D3-BF4B-00C04F79EFBC}") = "DragnetControl", "DragnetControl.csproj", "{07FF1143-2588-41CB-AD25-6AC9D46097BC}"
EndProject
Global
	GlobalSection(SolutionConfigurationPlatforms) = preSolution
		Debug|Any CPU = Debug|Any CPU
		Release|Any CPU = Release|Any CPU
	EndGlobalSection
	GlobalSection(ProjectConfigurationPlatforms) = postSolution
		{07FF1143-2588-41CB-AD25-6AC9D46097BC}.Debug|Any CPU.ActiveCfg = Debug|Any CPU
		{07FF1143-2588-41CB-AD25-6AC9D46097BC}.Debug|Any CPU.Build.0 = Debug|Any CPU
		{07FF1143-2588-41CB-AD25-6AC9D46097BC}.Release|Any CPU.ActiveCfg = Release|Any CPU
		{07FF1143-2588-41CB-AD25-6AC9D46097BC}.Release|Any CPU.Build.0 = Release|Any CPU
	EndGlobalSection
	GlobalSection(SolutionProperties) = preSolution
		HideSolutionNode = FALSE
	EndGlobalSection
	GlobalSection(ExtensibilityGlobals) = postSolution
		SolutionGuid = {B753D49B-2BA5-49A0-8753-557103B5063D}
	EndGlobalSection
EndGlobal
